
Microsoft Visual Studio Solution File, Format Version 12.00
# Visual Studio Version 16
VisualStudioVersion = 16.0.29418.71
MinimumVisualStudioVersion = 10.0.40219.1
Project("{9A19103F-16F7-4668-BE54-9A1E7A4F7556}") = "Microservices.Channels", "Microservices.Channels\Microservices.Channels.csproj", "{DEA8A578-FCF0-4978-A590-2E6936D97C43}"
EndProject
Project("{9A19103F-16F7-4668-BE54-9A1E7A4F7556}") = "Microservices.Channels.Client", "Microservices.Channels.Client\Microservices.Channels.Client.csproj", "{5BDDBDAD-0A88-4EE3-A4BF-631BD33924B9}"
EndProject
Project("{9A19103F-16F7-4668-BE54-9A1E7A4F7556}") = "ConsoleApp1", "ConsoleApp1\ConsoleApp1.csproj", "{220ABE63-C557-4312-B6C2-90D3AAAB9D0C}"
EndProject
Project("{9A19103F-16F7-4668-BE54-9A1E7A4F7556}") = "Microservices.Configuration", "Microservices.Configuration\Microservices.Configuration.csproj", "{137A3738-3C45-4F66-AEBF-58F9F22C6E9D}"
EndProject
Project("{9A19103F-16F7-4668-BE54-9A1E7A4F7556}") = "Microservices.Data", "Microservices.Data\Microservices.Data.csproj", "{B7686B92-82D5-4CAF-BE65-9B9536A6E22C}"
EndProject
Project("{9A19103F-16F7-4668-BE54-9A1E7A4F7556}") = "Microservices", "Microservices\Microservices.csproj", "{CF9AE87D-60A9-4E72-8A8F-B8FB50FC7163}"
EndProject
Project("{9A19103F-16F7-4668-BE54-9A1E7A4F7556}") = "Microservices.Data.MSSQL", "Microservices.Data.MSSQL\Microservices.Data.MSSQL.csproj", "{19C1B4B2-0459-4BA4-8724-EAE60E81F696}"
EndProject
Project("{9A19103F-16F7-4668-BE54-9A1E7A4F7556}") = "Microservices.Bus.Data.MSSQL", "Microservices.Bus.Data.MSSQL\Microservices.Bus.Data.MSSQL.csproj", "{08988493-A473-4D8E-B57B-4E11E3B676AB}"
EndProject
Project("{9A19103F-16F7-4668-BE54-9A1E7A4F7556}") = "Microservices.Bus.Data", "Microservices.Bus.Data\Microservices.Bus.Data.csproj", "{3E8C99EC-3AC1-4CD9-972E-FFF8CF00EBDE}"
EndProject
Project("{9A19103F-16F7-4668-BE54-9A1E7A4F7556}") = "Microservices.Bus.Abstractions", "Microservices.Bus.Abstractions\Microservices.Bus.Abstractions.csproj", "{D0F618D2-2CE8-448E-8F08-D232109FA20E}"
EndProject
Project("{9A19103F-16F7-4668-BE54-9A1E7A4F7556}") = "Microservices.Channels.Abstractions", "Microservices.Channels.Abstractions\Microservices.Channels.Abstractions.csproj", "{073B1414-17D7-428F-A40F-3E16D3CABB67}"
EndProject
Project("{2150E333-8FDC-42A3-9474-1A3956D46DE8}") = "ADDINS", "ADDINS", "{4CC48F6A-7B79-4492-B054-824D8184F386}"
EndProject
Project("{9A19103F-16F7-4668-BE54-9A1E7A4F7556}") = "Microservices.Channels.MSSQL", "Microservices.Channels.MSSQL\Microservices.Channels.MSSQL.csproj", "{003F704E-DA5E-45CC-B1B2-C7DB9A307CA1}"
EndProject
Project("{9A19103F-16F7-4668-BE54-9A1E7A4F7556}") = "Microservices.ISB", "Microservices.ISB\Microservices.ISB.csproj", "{6B8BEE71-F266-48A5-982D-BA4E8F7B0C50}"
EndProject
Project("{FAE04EC0-301F-11D3-BF4B-00C04F79EFBC}") = "Microservices.Bus", "Microservices.Bus\Microservices.Bus.csproj", "{F418E793-2FF1-48F0-AFAC-A1B72A915E9C}"
EndProject
Global
	GlobalSection(SolutionConfigurationPlatforms) = preSolution
		Debug|Any CPU = Debug|Any CPU
		Release|Any CPU = Release|Any CPU
	EndGlobalSection
	GlobalSection(ProjectConfigurationPlatforms) = postSolution
		{DEA8A578-FCF0-4978-A590-2E6936D97C43}.Debug|Any CPU.ActiveCfg = Debug|Any CPU
		{DEA8A578-FCF0-4978-A590-2E6936D97C43}.Debug|Any CPU.Build.0 = Debug|Any CPU
		{DEA8A578-FCF0-4978-A590-2E6936D97C43}.Release|Any CPU.ActiveCfg = Release|Any CPU
		{DEA8A578-FCF0-4978-A590-2E6936D97C43}.Release|Any CPU.Build.0 = Release|Any CPU
		{5BDDBDAD-0A88-4EE3-A4BF-631BD33924B9}.Debug|Any CPU.ActiveCfg = Debug|Any CPU
		{5BDDBDAD-0A88-4EE3-A4BF-631BD33924B9}.Debug|Any CPU.Build.0 = Debug|Any CPU
		{5BDDBDAD-0A88-4EE3-A4BF-631BD33924B9}.Release|Any CPU.ActiveCfg = Release|Any CPU
		{5BDDBDAD-0A88-4EE3-A4BF-631BD33924B9}.Release|Any CPU.Build.0 = Release|Any CPU
		{220ABE63-C557-4312-B6C2-90D3AAAB9D0C}.Debug|Any CPU.ActiveCfg = Debug|Any CPU
		{220ABE63-C557-4312-B6C2-90D3AAAB9D0C}.Debug|Any CPU.Build.0 = Debug|Any CPU
		{220ABE63-C557-4312-B6C2-90D3AAAB9D0C}.Release|Any CPU.ActiveCfg = Release|Any CPU
		{220ABE63-C557-4312-B6C2-90D3AAAB9D0C}.Release|Any CPU.Build.0 = Release|Any CPU
		{137A3738-3C45-4F66-AEBF-58F9F22C6E9D}.Debug|Any CPU.ActiveCfg = Debug|Any CPU
		{137A3738-3C45-4F66-AEBF-58F9F22C6E9D}.Debug|Any CPU.Build.0 = Debug|Any CPU
		{137A3738-3C45-4F66-AEBF-58F9F22C6E9D}.Release|Any CPU.ActiveCfg = Release|Any CPU
		{137A3738-3C45-4F66-AEBF-58F9F22C6E9D}.Release|Any CPU.Build.0 = Release|Any CPU
		{B7686B92-82D5-4CAF-BE65-9B9536A6E22C}.Debug|Any CPU.ActiveCfg = Debug|Any CPU
		{B7686B92-82D5-4CAF-BE65-9B9536A6E22C}.Debug|Any CPU.Build.0 = Debug|Any CPU
		{B7686B92-82D5-4CAF-BE65-9B9536A6E22C}.Release|Any CPU.ActiveCfg = Release|Any CPU
		{B7686B92-82D5-4CAF-BE65-9B9536A6E22C}.Release|Any CPU.Build.0 = Release|Any CPU
		{CF9AE87D-60A9-4E72-8A8F-B8FB50FC7163}.Debug|Any CPU.ActiveCfg = Debug|Any CPU
		{CF9AE87D-60A9-4E72-8A8F-B8FB50FC7163}.Debug|Any CPU.Build.0 = Debug|Any CPU
		{CF9AE87D-60A9-4E72-8A8F-B8FB50FC7163}.Release|Any CPU.ActiveCfg = Release|Any CPU
		{CF9AE87D-60A9-4E72-8A8F-B8FB50FC7163}.Release|Any CPU.Build.0 = Release|Any CPU
		{19C1B4B2-0459-4BA4-8724-EAE60E81F696}.Debug|Any CPU.ActiveCfg = Debug|Any CPU
		{19C1B4B2-0459-4BA4-8724-EAE60E81F696}.Debug|Any CPU.Build.0 = Debug|Any CPU
		{19C1B4B2-0459-4BA4-8724-EAE60E81F696}.Release|Any CPU.ActiveCfg = Release|Any CPU
		{19C1B4B2-0459-4BA4-8724-EAE60E81F696}.Release|Any CPU.Build.0 = Release|Any CPU
		{08988493-A473-4D8E-B57B-4E11E3B676AB}.Debug|Any CPU.ActiveCfg = Debug|Any CPU
		{08988493-A473-4D8E-B57B-4E11E3B676AB}.Debug|Any CPU.Build.0 = Debug|Any CPU
		{08988493-A473-4D8E-B57B-4E11E3B676AB}.Release|Any CPU.ActiveCfg = Release|Any CPU
		{08988493-A473-4D8E-B57B-4E11E3B676AB}.Release|Any CPU.Build.0 = Release|Any CPU
		{3E8C99EC-3AC1-4CD9-972E-FFF8CF00EBDE}.Debug|Any CPU.ActiveCfg = Debug|Any CPU
		{3E8C99EC-3AC1-4CD9-972E-FFF8CF00EBDE}.Debug|Any CPU.Build.0 = Debug|Any CPU
		{3E8C99EC-3AC1-4CD9-972E-FFF8CF00EBDE}.Release|Any CPU.ActiveCfg = Release|Any CPU
		{3E8C99EC-3AC1-4CD9-972E-FFF8CF00EBDE}.Release|Any CPU.Build.0 = Release|Any CPU
		{D0F618D2-2CE8-448E-8F08-D232109FA20E}.Debug|Any CPU.ActiveCfg = Debug|Any CPU
		{D0F618D2-2CE8-448E-8F08-D232109FA20E}.Debug|Any CPU.Build.0 = Debug|Any CPU
		{D0F618D2-2CE8-448E-8F08-D232109FA20E}.Release|Any CPU.ActiveCfg = Release|Any CPU
		{D0F618D2-2CE8-448E-8F08-D232109FA20E}.Release|Any CPU.Build.0 = Release|Any CPU
		{073B1414-17D7-428F-A40F-3E16D3CABB67}.Debug|Any CPU.ActiveCfg = Debug|Any CPU
		{073B1414-17D7-428F-A40F-3E16D3CABB67}.Debug|Any CPU.Build.0 = Debug|Any CPU
		{073B1414-17D7-428F-A40F-3E16D3CABB67}.Release|Any CPU.ActiveCfg = Release|Any CPU
		{073B1414-17D7-428F-A40F-3E16D3CABB67}.Release|Any CPU.Build.0 = Release|Any CPU
		{003F704E-DA5E-45CC-B1B2-C7DB9A307CA1}.Debug|Any CPU.ActiveCfg = Debug|Any CPU
		{003F704E-DA5E-45CC-B1B2-C7DB9A307CA1}.Debug|Any CPU.Build.0 = Debug|Any CPU
		{003F704E-DA5E-45CC-B1B2-C7DB9A307CA1}.Release|Any CPU.ActiveCfg = Release|Any CPU
		{003F704E-DA5E-45CC-B1B2-C7DB9A307CA1}.Release|Any CPU.Build.0 = Release|Any CPU
		{6B8BEE71-F266-48A5-982D-BA4E8F7B0C50}.Debug|Any CPU.ActiveCfg = Debug|Any CPU
		{6B8BEE71-F266-48A5-982D-BA4E8F7B0C50}.Debug|Any CPU.Build.0 = Debug|Any CPU
		{6B8BEE71-F266-48A5-982D-BA4E8F7B0C50}.Release|Any CPU.ActiveCfg = Release|Any CPU
		{6B8BEE71-F266-48A5-982D-BA4E8F7B0C50}.Release|Any CPU.Build.0 = Release|Any CPU
		{F418E793-2FF1-48F0-AFAC-A1B72A915E9C}.Debug|Any CPU.ActiveCfg = Debug|Any CPU
		{F418E793-2FF1-48F0-AFAC-A1B72A915E9C}.Debug|Any CPU.Build.0 = Debug|Any CPU
		{F418E793-2FF1-48F0-AFAC-A1B72A915E9C}.Release|Any CPU.ActiveCfg = Release|Any CPU
		{F418E793-2FF1-48F0-AFAC-A1B72A915E9C}.Release|Any CPU.Build.0 = Release|Any CPU
	EndGlobalSection
	GlobalSection(SolutionProperties) = preSolution
		HideSolutionNode = FALSE
	EndGlobalSection
	GlobalSection(ExtensibilityGlobals) = postSolution
		SolutionGuid = {59300147-72ED-4EE8-985A-BE6AED0900D6}
	EndGlobalSection
EndGlobal
